
Microsoft Visual Studio Solution File, Format Version 11.00
# Visual Studio 2010
Project("{FAE04EC0-301F-11D3-BF4B-00C04F79EFBC}") = "PixelDraw", "PixelDraw\PixelDraw\PixelDraw.csproj", "{0F31ED7E-AB55-4422-8C7B-A4F244068E8F}"
EndProject
Project("{96E2B04D-8817-42C6-938A-82C39BA4D311}") = "PixelDrawContent", "PixelDraw\PixelDrawContent\PixelDrawContent.contentproj", "{80640D90-ADBD-465F-877C-820A60A41967}"
EndProject
Global
	GlobalSection(SolutionConfigurationPlatforms) = preSolution
		Debug|x86 = Debug|x86
		Release|x86 = Release|x86
	EndGlobalSection
	GlobalSection(ProjectConfigurationPlatforms) = postSolution
		{0F31ED7E-AB55-4422-8C7B-A4F244068E8F}.Debug|x86.ActiveCfg = Debug|x86
		{0F31ED7E-AB55-4422-8C7B-A4F244068E8F}.Debug|x86.Build.0 = Debug|x86
		{0F31ED7E-AB55-4422-8C7B-A4F244068E8F}.Release|x86.ActiveCfg = Release|x86
		{0F31ED7E-AB55-4422-8C7B-A4F244068E8F}.Release|x86.Build.0 = Release|x86
		{80640D90-ADBD-465F-877C-820A60A41967}.Debug|x86.ActiveCfg = Debug|x86
		{80640D90-ADBD-465F-877C-820A60A41967}.Release|x86.ActiveCfg = Release|x86
	EndGlobalSection
	GlobalSection(SolutionProperties) = preSolution
		HideSolutionNode = FALSE
	EndGlobalSection
EndGlobal
